
Microsoft Visual Studio Solution File, Format Version 12.00
# Visual Studio Version 16
VisualStudioVersion = 16.0.30523.141
MinimumVisualStudioVersion = 10.0.40219.1
Project("{888888A0-9F3D-457C-B088-3A5042F75D52}") = "pysolution", "pysolution\pysolution.pyproj", "{0DE99474-FDC1-40E7-9D5F-E1E0E9845F26}"
EndProject
Project("{FAE04EC0-301F-11D3-BF4B-00C04F79EFBC}") = "CsSolution", "CsSolution\CsSolution.csproj", "{5914B9B6-F746-4BC4-932A-C3AC864CA770}"
EndProject
Global
	GlobalSection(SolutionConfigurationPlatforms) = preSolution
		Debug|Any CPU = Debug|Any CPU
		Release|Any CPU = Release|Any CPU
	EndGlobalSection
	GlobalSection(ProjectConfigurationPlatforms) = postSolution
		{0DE99474-FDC1-40E7-9D5F-E1E0E9845F26}.Debug|Any CPU.ActiveCfg = Debug|Any CPU
		{0DE99474-FDC1-40E7-9D5F-E1E0E9845F26}.Release|Any CPU.ActiveCfg = Release|Any CPU
		{5914B9B6-F746-4BC4-932A-C3AC864CA770}.Debug|Any CPU.ActiveCfg = Debug|Any CPU
		{5914B9B6-F746-4BC4-932A-C3AC864CA770}.Debug|Any CPU.Build.0 = Debug|Any CPU
		{5914B9B6-F746-4BC4-932A-C3AC864CA770}.Release|Any CPU.ActiveCfg = Release|Any CPU
		{5914B9B6-F746-4BC4-932A-C3AC864CA770}.Release|Any CPU.Build.0 = Release|Any CPU
	EndGlobalSection
	GlobalSection(SolutionProperties) = preSolution
		HideSolutionNode = FALSE
	EndGlobalSection
	GlobalSection(ExtensibilityGlobals) = postSolution
		SolutionGuid = {1993DAC7-F50C-4A6E-BD8A-135FE9C726BC}
	EndGlobalSection
EndGlobal
